
Microsoft Visual Studio Solution File, Format Version 12.00
# Visual Studio Version 17
VisualStudioVersion = 17.6.33712.159
MinimumVisualStudioVersion = 10.0.40219.1
Project("{FAE04EC0-301F-11D3-BF4B-00C04F79EFBC}") = "Inventrack", "Inventrack\Inventrack.csproj", "{E5F17260-0EC8-4903-BDD4-C2A1DEF6AA60}"
EndProject
Global
	GlobalSection(SolutionConfigurationPlatforms) = preSolution
		Debug|Any CPU = Debug|Any CPU
		Release|Any CPU = Release|Any CPU
	EndGlobalSection
	GlobalSection(ProjectConfigurationPlatforms) = postSolution
		{E5F17260-0EC8-4903-BDD4-C2A1DEF6AA60}.Debug|Any CPU.ActiveCfg = Debug|Any CPU
		{E5F17260-0EC8-4903-BDD4-C2A1DEF6AA60}.Debug|Any CPU.Build.0 = Debug|Any CPU
		{E5F17260-0EC8-4903-BDD4-C2A1DEF6AA60}.Release|Any CPU.ActiveCfg = Release|Any CPU
		{E5F17260-0EC8-4903-BDD4-C2A1DEF6AA60}.Release|Any CPU.Build.0 = Release|Any CPU
	EndGlobalSection
	GlobalSection(SolutionProperties) = preSolution
		HideSolutionNode = FALSE
	EndGlobalSection
	GlobalSection(ExtensibilityGlobals) = postSolution
		SolutionGuid = {093B9768-FC55-4500-BBA0-12AC6F6DA38E}
	EndGlobalSection
EndGlobal
